// !$*UTF8*$!
{
	archiveVersion = 1;
	classes = {
	};
	objectVersion = 56;
	objects = {

/* Begin PBXBuildFile section */
		851168D62C1A8F0500B0591C /* DataChartView.swift in Sources */ = {isa = PBXBuildFile; fileRef = 851168D52C1A8F0500B0591C /* DataChartView.swift */; };
		857B18F92C35C0C600350EC3 /* Gradients.swift in Sources */ = {isa = PBXBuildFile; fileRef = 857B18F82C35C0C600350EC3 /* Gradients.swift */; };
		857B18FB2C36467F00350EC3 /* Color.swift in Sources */ = {isa = PBXBuildFile; fileRef = 857B18FA2C36467F00350EC3 /* Color.swift */; };
		857B18FD2C38CBC600350EC3 /* AllDataChartsViewSmall.swift in Sources */ = {isa = PBXBuildFile; fileRef = 857B18FC2C38CBC600350EC3 /* AllDataChartsViewSmall.swift */; };
		857B19072C38D97400350EC3 /* StyleViewModifiers.swift in Sources */ = {isa = PBXBuildFile; fileRef = 857B19062C38D97400350EC3 /* StyleViewModifiers.swift */; };
		857B19092C38EA2700350EC3 /* MetricSummaryRowView.swift in Sources */ = {isa = PBXBuildFile; fileRef = 857B19082C38EA2700350EC3 /* MetricSummaryRowView.swift */; };
		859A27602BE9DEBD00390EDA /* Assets.xcassets in Resources */ = {isa = PBXBuildFile; fileRef = 859A275F2BE9DEBD00390EDA /* Assets.xcassets */; };
		859A27632BE9DEBD00390EDA /* Preview Assets.xcassets in Resources */ = {isa = PBXBuildFile; fileRef = 859A27622BE9DEBD00390EDA /* Preview Assets.xcassets */; };
		85A1676E2BEB2BDB00E97940 /* AirQualityApp.swift in Sources */ = {isa = PBXBuildFile; fileRef = 85A1676D2BEB2BDB00E97940 /* AirQualityApp.swift */; };
		85A167702BEB311000E97940 /* SensorDataController.swift in Sources */ = {isa = PBXBuildFile; fileRef = 85A1676F2BEB311000E97940 /* SensorDataController.swift */; };
		85B1EF5F2BEB011600BE1E07 /* SensorData.swift in Sources */ = {isa = PBXBuildFile; fileRef = 85B1EF5E2BEB011600BE1E07 /* SensorData.swift */; };
/* End PBXBuildFile section */

/* Begin PBXFileReference section */
		851168D52C1A8F0500B0591C /* DataChartView.swift */ = {isa = PBXFileReference; lastKnownFileType = sourcecode.swift; path = DataChartView.swift; sourceTree = "<group>"; };
		857B18F82C35C0C600350EC3 /* Gradients.swift */ = {isa = PBXFileReference; lastKnownFileType = sourcecode.swift; path = Gradients.swift; sourceTree = "<group>"; };
		857B18FA2C36467F00350EC3 /* Color.swift */ = {isa = PBXFileReference; lastKnownFileType = sourcecode.swift; path = Color.swift; sourceTree = "<group>"; };
		857B18FC2C38CBC600350EC3 /* AllDataChartsViewSmall.swift */ = {isa = PBXFileReference; lastKnownFileType = sourcecode.swift; path = AllDataChartsViewSmall.swift; sourceTree = "<group>"; };
		857B19062C38D97400350EC3 /* StyleViewModifiers.swift */ = {isa = PBXFileReference; lastKnownFileType = sourcecode.swift; path = StyleViewModifiers.swift; sourceTree = "<group>"; };
		857B19082C38EA2700350EC3 /* MetricSummaryRowView.swift */ = {isa = PBXFileReference; lastKnownFileType = sourcecode.swift; path = MetricSummaryRowView.swift; sourceTree = "<group>"; };
		859A27562BE9DEBC00390EDA /* client.app */ = {isa = PBXFileReference; explicitFileType = wrapper.application; includeInIndex = 0; path = client.app; sourceTree = BUILT_PRODUCTS_DIR; };
		859A275F2BE9DEBD00390EDA /* Assets.xcassets */ = {isa = PBXFileReference; lastKnownFileType = folder.assetcatalog; path = Assets.xcassets; sourceTree = "<group>"; };
		859A27622BE9DEBD00390EDA /* Preview Assets.xcassets */ = {isa = PBXFileReference; lastKnownFileType = folder.assetcatalog; path = "Preview Assets.xcassets"; sourceTree = "<group>"; };
		85A1676D2BEB2BDB00E97940 /* AirQualityApp.swift */ = {isa = PBXFileReference; lastKnownFileType = sourcecode.swift; path = AirQualityApp.swift; sourceTree = "<group>"; };
		85A1676F2BEB311000E97940 /* SensorDataController.swift */ = {isa = PBXFileReference; lastKnownFileType = sourcecode.swift; path = SensorDataController.swift; sourceTree = "<group>"; };
		85B1EF5E2BEB011600BE1E07 /* SensorData.swift */ = {isa = PBXFileReference; lastKnownFileType = sourcecode.swift; path = SensorData.swift; sourceTree = "<group>"; };
/* End PBXFileReference section */

/* Begin PBXFrameworksBuildPhase section */
		859A27532BE9DEBC00390EDA /* Frameworks */ = {
			isa = PBXFrameworksBuildPhase;
			buildActionMask = 2147483647;
			files = (
			);
			runOnlyForDeploymentPostprocessing = 0;
		};
/* End PBXFrameworksBuildPhase section */

/* Begin PBXGroup section */
		859A274D2BE9DEBC00390EDA = {
			isa = PBXGroup;
			children = (
				859A27582BE9DEBC00390EDA /* client */,
				859A27572BE9DEBC00390EDA /* Products */,
			);
			sourceTree = "<group>";
		};
		859A27572BE9DEBC00390EDA /* Products */ = {
			isa = PBXGroup;
			children = (
				859A27562BE9DEBC00390EDA /* client.app */,
			);
			name = Products;
			sourceTree = "<group>";
		};
		859A27582BE9DEBC00390EDA /* client */ = {
			isa = PBXGroup;
			children = (
				85B1EF612BEB028300BE1E07 /* Views */,
				85B1EF602BEB027700BE1E07 /* Controllers */,
				85B1EF5B2BEB00DE00BE1E07 /* Models */,
				859A275F2BE9DEBD00390EDA /* Assets.xcassets */,
				859A27612BE9DEBD00390EDA /* Preview Content */,
				85A1676D2BEB2BDB00E97940 /* AirQualityApp.swift */,
			);
			path = client;
			sourceTree = "<group>";
		};
		859A27612BE9DEBD00390EDA /* Preview Content */ = {
			isa = PBXGroup;
			children = (
				859A27622BE9DEBD00390EDA /* Preview Assets.xcassets */,
			);
			path = "Preview Content";
			sourceTree = "<group>";
		};
		85B1EF5B2BEB00DE00BE1E07 /* Models */ = {
			isa = PBXGroup;
			children = (
				85B1EF5E2BEB011600BE1E07 /* SensorData.swift */,
				857B18F82C35C0C600350EC3 /* Gradients.swift */,
				857B18FA2C36467F00350EC3 /* Color.swift */,
			);
			path = Models;
			sourceTree = "<group>";
		};
		85B1EF602BEB027700BE1E07 /* Controllers */ = {
			isa = PBXGroup;
			children = (
				85A1676F2BEB311000E97940 /* SensorDataController.swift */,
			);
			path = Controllers;
			sourceTree = "<group>";
		};
		85B1EF612BEB028300BE1E07 /* Views */ = {
			isa = PBXGroup;
			children = (
				851168D52C1A8F0500B0591C /* DataChartView.swift */,
				857B18FC2C38CBC600350EC3 /* AllDataChartsViewSmall.swift */,
				857B19062C38D97400350EC3 /* StyleViewModifiers.swift */,
				857B19082C38EA2700350EC3 /* MetricSummaryRowView.swift */,
			);
			path = Views;
			sourceTree = "<group>";
		};
/* End PBXGroup section */

/* Begin PBXNativeTarget section */
		859A27552BE9DEBC00390EDA /* client */ = {
			isa = PBXNativeTarget;
			buildConfigurationList = 859A277C2BE9DEBD00390EDA /* Build configuration list for PBXNativeTarget "client" */;
			buildPhases = (
				859A27522BE9DEBC00390EDA /* Sources */,
				859A27532BE9DEBC00390EDA /* Frameworks */,
				859A27542BE9DEBC00390EDA /* Resources */,
			);
			buildRules = (
			);
			dependencies = (
			);
			name = client;
			productName = "air-quality-client";
			productReference = 859A27562BE9DEBC00390EDA /* client.app */;
			productType = "com.apple.product-type.application";
		};
/* End PBXNativeTarget section */

/* Begin PBXProject section */
		859A274E2BE9DEBC00390EDA /* Project object */ = {
			isa = PBXProject;
			attributes = {
				BuildIndependentTargetsInParallel = 1;
				LastSwiftUpdateCheck = 1530;
				LastUpgradeCheck = 1530;
				TargetAttributes = {
					859A27552BE9DEBC00390EDA = {
						CreatedOnToolsVersion = 15.3;
					};
				};
			};
			buildConfigurationList = 859A27512BE9DEBC00390EDA /* Build configuration list for PBXProject "client" */;
			compatibilityVersion = "Xcode 14.0";
			developmentRegion = en;
			hasScannedForEncodings = 0;
			knownRegions = (
				en,
				Base,
			);
			mainGroup = 859A274D2BE9DEBC00390EDA;
			productRefGroup = 859A27572BE9DEBC00390EDA /* Products */;
			projectDirPath = "";
			projectRoot = "";
			targets = (
				859A27552BE9DEBC00390EDA /* client */,
			);
		};
/* End PBXProject section */

/* Begin PBXResourcesBuildPhase section */
		859A27542BE9DEBC00390EDA /* Resources */ = {
			isa = PBXResourcesBuildPhase;
			buildActionMask = 2147483647;
			files = (
				859A27632BE9DEBD00390EDA /* Preview Assets.xcassets in Resources */,
				859A27602BE9DEBD00390EDA /* Assets.xcassets in Resources */,
			);
			runOnlyForDeploymentPostprocessing = 0;
		};
/* End PBXResourcesBuildPhase section */

/* Begin PBXSourcesBuildPhase section */
		859A27522BE9DEBC00390EDA /* Sources */ = {
			isa = PBXSourcesBuildPhase;
			buildActionMask = 2147483647;
			files = (
				857B19092C38EA2700350EC3 /* MetricSummaryRowView.swift in Sources */,
				851168D62C1A8F0500B0591C /* DataChartView.swift in Sources */,
				85B1EF5F2BEB011600BE1E07 /* SensorData.swift in Sources */,
				857B18FB2C36467F00350EC3 /* Color.swift in Sources */,
				857B19072C38D97400350EC3 /* StyleViewModifiers.swift in Sources */,
				85A1676E2BEB2BDB00E97940 /* AirQualityApp.swift in Sources */,
				85A167702BEB311000E97940 /* SensorDataController.swift in Sources */,
				857B18F92C35C0C600350EC3 /* Gradients.swift in Sources */,
				857B18FD2C38CBC600350EC3 /* AllDataChartsViewSmall.swift in Sources */,
			);
			runOnlyForDeploymentPostprocessing = 0;
		};
/* End PBXSourcesBuildPhase section */

/* Begin XCBuildConfiguration section */
		859A277A2BE9DEBD00390EDA /* Debug */ = {
			isa = XCBuildConfiguration;
			buildSettings = {
				ALWAYS_SEARCH_USER_PATHS = NO;
				ASSETCATALOG_COMPILER_GENERATE_SWIFT_ASSET_SYMBOL_EXTENSIONS = YES;
				CLANG_ANALYZER_NONNULL = YES;
				CLANG_ANALYZER_NUMBER_OBJECT_CONVERSION = YES_AGGRESSIVE;
				CLANG_CXX_LANGUAGE_STANDARD = "gnu++20";
				CLANG_ENABLE_MODULES = YES;
				CLANG_ENABLE_OBJC_ARC = YES;
				CLANG_ENABLE_OBJC_WEAK = YES;
				CLANG_WARN_BLOCK_CAPTURE_AUTORELEASING = YES;
				CLANG_WARN_BOOL_CONVERSION = YES;
				CLANG_WARN_COMMA = YES;
				CLANG_WARN_CONSTANT_CONVERSION = YES;
				CLANG_WARN_DEPRECATED_OBJC_IMPLEMENTATIONS = YES;
				CLANG_WARN_DIRECT_OBJC_ISA_USAGE = YES_ERROR;
				CLANG_WARN_DOCUMENTATION_COMMENTS = YES;
				CLANG_WARN_EMPTY_BODY = YES;
				CLANG_WARN_ENUM_CONVERSION = YES;
				CLANG_WARN_INFINITE_RECURSION = YES;
				CLANG_WARN_INT_CONVERSION = YES;
				CLANG_WARN_NON_LITERAL_NULL_CONVERSION = YES;
				CLANG_WARN_OBJC_IMPLICIT_RETAIN_SELF = YES;
				CLANG_WARN_OBJC_LITERAL_CONVERSION = YES;
				CLANG_WARN_OBJC_ROOT_CLASS = YES_ERROR;
				CLANG_WARN_QUOTED_INCLUDE_IN_FRAMEWORK_HEADER = YES;
				CLANG_WARN_RANGE_LOOP_ANALYSIS = YES;
				CLANG_WARN_STRICT_PROTOTYPES = YES;
				CLANG_WARN_SUSPICIOUS_MOVE = YES;
				CLANG_WARN_UNGUARDED_AVAILABILITY = YES_AGGRESSIVE;
				CLANG_WARN_UNREACHABLE_CODE = YES;
				CLANG_WARN__DUPLICATE_METHOD_MATCH = YES;
				COPY_PHASE_STRIP = NO;
				DEBUG_INFORMATION_FORMAT = dwarf;
				ENABLE_STRICT_OBJC_MSGSEND = YES;
				ENABLE_TESTABILITY = YES;
				ENABLE_USER_SCRIPT_SANDBOXING = YES;
				GCC_C_LANGUAGE_STANDARD = gnu17;
				GCC_DYNAMIC_NO_PIC = NO;
				GCC_NO_COMMON_BLOCKS = YES;
				GCC_OPTIMIZATION_LEVEL = 0;
				GCC_PREPROCESSOR_DEFINITIONS = (
					"DEBUG=1",
					"$(inherited)",
				);
				GCC_WARN_64_TO_32_BIT_CONVERSION = YES;
				GCC_WARN_ABOUT_RETURN_TYPE = YES_ERROR;
				GCC_WARN_UNDECLARED_SELECTOR = YES;
				GCC_WARN_UNINITIALIZED_AUTOS = YES_AGGRESSIVE;
				GCC_WARN_UNUSED_FUNCTION = YES;
				GCC_WARN_UNUSED_VARIABLE = YES;
				IPHONEOS_DEPLOYMENT_TARGET = 17.4;
				LOCALIZATION_PREFERS_STRING_CATALOGS = YES;
				MTL_ENABLE_DEBUG_INFO = INCLUDE_SOURCE;
				MTL_FAST_MATH = YES;
				ONLY_ACTIVE_ARCH = YES;
				SDKROOT = iphoneos;
				SWIFT_ACTIVE_COMPILATION_CONDITIONS = "DEBUG $(inherited)";
				SWIFT_OPTIMIZATION_LEVEL = "-Onone";
			};
			name = Debug;
		};
		859A277B2BE9DEBD00390EDA /* Release */ = {
			isa = XCBuildConfiguration;
			buildSettings = {
				ALWAYS_SEARCH_USER_PATHS = NO;
				ASSETCATALOG_COMPILER_GENERATE_SWIFT_ASSET_SYMBOL_EXTENSIONS = YES;
				CLANG_ANALYZER_NONNULL = YES;
				CLANG_ANALYZER_NUMBER_OBJECT_CONVERSION = YES_AGGRESSIVE;
				CLANG_CXX_LANGUAGE_STANDARD = "gnu++20";
				CLANG_ENABLE_MODULES = YES;
				CLANG_ENABLE_OBJC_ARC = YES;
				CLANG_ENABLE_OBJC_WEAK = YES;
				CLANG_WARN_BLOCK_CAPTURE_AUTORELEASING = YES;
				CLANG_WARN_BOOL_CONVERSION = YES;
				CLANG_WARN_COMMA = YES;
				CLANG_WARN_CONSTANT_CONVERSION = YES;
				CLANG_WARN_DEPRECATED_OBJC_IMPLEMENTATIONS = YES;
				CLANG_WARN_DIRECT_OBJC_ISA_USAGE = YES_ERROR;
				CLANG_WARN_DOCUMENTATION_COMMENTS = YES;
				CLANG_WARN_EMPTY_BODY = YES;
				CLANG_WARN_ENUM_CONVERSION = YES;
				CLANG_WARN_INFINITE_RECURSION = YES;
				CLANG_WARN_INT_CONVERSION = YES;
				CLANG_WARN_NON_LITERAL_NULL_CONVERSION = YES;
				CLANG_WARN_OBJC_IMPLICIT_RETAIN_SELF = YES;
				CLANG_WARN_OBJC_LITERAL_CONVERSION = YES;
				CLANG_WARN_OBJC_ROOT_CLASS = YES_ERROR;
				CLANG_WARN_QUOTED_INCLUDE_IN_FRAMEWORK_HEADER = YES;
				CLANG_WARN_RANGE_LOOP_ANALYSIS = YES;
				CLANG_WARN_STRICT_PROTOTYPES = YES;
				CLANG_WARN_SUSPICIOUS_MOVE = YES;
				CLANG_WARN_UNGUARDED_AVAILABILITY = YES_AGGRESSIVE;
				CLANG_WARN_UNREACHABLE_CODE = YES;
				CLANG_WARN__DUPLICATE_METHOD_MATCH = YES;
				COPY_PHASE_STRIP = NO;
				DEBUG_INFORMATION_FORMAT = "dwarf-with-dsym";
				ENABLE_NS_ASSERTIONS = NO;
				ENABLE_STRICT_OBJC_MSGSEND = YES;
				ENABLE_USER_SCRIPT_SANDBOXING = YES;
				GCC_C_LANGUAGE_STANDARD = gnu17;
				GCC_NO_COMMON_BLOCKS = YES;
				GCC_WARN_64_TO_32_BIT_CONVERSION = YES;
				GCC_WARN_ABOUT_RETURN_TYPE = YES_ERROR;
				GCC_WARN_UNDECLARED_SELECTOR = YES;
				GCC_WARN_UNINITIALIZED_AUTOS = YES_AGGRESSIVE;
				GCC_WARN_UNUSED_FUNCTION = YES;
				GCC_WARN_UNUSED_VARIABLE = YES;
				IPHONEOS_DEPLOYMENT_TARGET = 17.4;
				LOCALIZATION_PREFERS_STRING_CATALOGS = YES;
				MTL_ENABLE_DEBUG_INFO = NO;
				MTL_FAST_MATH = YES;
				SDKROOT = iphoneos;
				SWIFT_COMPILATION_MODE = wholemodule;
				VALIDATE_PRODUCT = YES;
			};
			name = Release;
		};
		859A277D2BE9DEBD00390EDA /* Debug */ = {
			isa = XCBuildConfiguration;
			buildSettings = {
				ASSETCATALOG_COMPILER_APPICON_NAME = AppIcon;
				ASSETCATALOG_COMPILER_GLOBAL_ACCENT_COLOR_NAME = AccentColor;
				CODE_SIGN_STYLE = Automatic;
				CURRENT_PROJECT_VERSION = 1;
				DEVELOPMENT_ASSET_PATHS = "\"client/Preview Content\"";
				DEVELOPMENT_TEAM = W4S2S3A76K;
				ENABLE_PREVIEWS = YES;
				GENERATE_INFOPLIST_FILE = YES;
				INFOPLIST_KEY_UIApplicationSceneManifest_Generation = YES;
				INFOPLIST_KEY_UIApplicationSupportsIndirectInputEvents = YES;
				INFOPLIST_KEY_UILaunchScreen_Generation = YES;
				INFOPLIST_KEY_UISupportedInterfaceOrientations_iPad = "UIInterfaceOrientationPortrait UIInterfaceOrientationPortraitUpsideDown UIInterfaceOrientationLandscapeLeft UIInterfaceOrientationLandscapeRight";
				INFOPLIST_KEY_UISupportedInterfaceOrientations_iPhone = "UIInterfaceOrientationPortrait UIInterfaceOrientationLandscapeLeft UIInterfaceOrientationLandscapeRight";
				LD_RUNPATH_SEARCH_PATHS = (
					"$(inherited)",
					"@executable_path/Frameworks",
				);
				MARKETING_VERSION = 1.0;
				PRODUCT_BUNDLE_IDENTIFIER = "com.rainflame.air-quality-client";
				PRODUCT_NAME = "$(TARGET_NAME)";
				SWIFT_EMIT_LOC_STRINGS = YES;
				SWIFT_VERSION = 5.0;
				TARGETED_DEVICE_FAMILY = "1,2";
			};
			name = Debug;
		};
		859A277E2BE9DEBD00390EDA /* Release */ = {
			isa = XCBuildConfiguration;
			buildSettings = {
				ASSETCATALOG_COMPILER_APPICON_NAME = AppIcon;
				ASSETCATALOG_COMPILER_GLOBAL_ACCENT_COLOR_NAME = AccentColor;
				CODE_SIGN_STYLE = Automatic;
				CURRENT_PROJECT_VERSION = 1;
				DEVELOPMENT_ASSET_PATHS = "\"client/Preview Content\"";
				DEVELOPMENT_TEAM = W4S2S3A76K;
				ENABLE_PREVIEWS = YES;
				GENERATE_INFOPLIST_FILE = YES;
				INFOPLIST_KEY_UIApplicationSceneManifest_Generation = YES;
				INFOPLIST_KEY_UIApplicationSupportsIndirectInputEvents = YES;
				INFOPLIST_KEY_UILaunchScreen_Generation = YES;
				INFOPLIST_KEY_UISupportedInterfaceOrientations_iPad = "UIInterfaceOrientationPortrait UIInterfaceOrientationPortraitUpsideDown UIInterfaceOrientationLandscapeLeft UIInterfaceOrientationLandscapeRight";
				INFOPLIST_KEY_UISupportedInterfaceOrientations_iPhone = "UIInterfaceOrientationPortrait UIInterfaceOrientationLandscapeLeft UIInterfaceOrientationLandscapeRight";
				LD_RUNPATH_SEARCH_PATHS = (
					"$(inherited)",
					"@executable_path/Frameworks",
				);
				MARKETING_VERSION = 1.0;
				PRODUCT_BUNDLE_IDENTIFIER = "com.rainflame.air-quality-client";
				PRODUCT_NAME = "$(TARGET_NAME)";
				SWIFT_EMIT_LOC_STRINGS = YES;
				SWIFT_VERSION = 5.0;
				TARGETED_DEVICE_FAMILY = "1,2";
			};
			name = Release;
		};
/* End XCBuildConfiguration section */

/* Begin XCConfigurationList section */
		859A27512BE9DEBC00390EDA /* Build configuration list for PBXProject "client" */ = {
			isa = XCConfigurationList;
			buildConfigurations = (
				859A277A2BE9DEBD00390EDA /* Debug */,
				859A277B2BE9DEBD00390EDA /* Release */,
			);
			defaultConfigurationIsVisible = 0;
			defaultConfigurationName = Release;
		};
		859A277C2BE9DEBD00390EDA /* Build configuration list for PBXNativeTarget "client" */ = {
			isa = XCConfigurationList;
			buildConfigurations = (
				859A277D2BE9DEBD00390EDA /* Debug */,
				859A277E2BE9DEBD00390EDA /* Release */,
			);
			defaultConfigurationIsVisible = 0;
			defaultConfigurationName = Release;
		};
/* End XCConfigurationList section */
	};
	rootObject = 859A274E2BE9DEBC00390EDA /* Project object */;
}
